github.com/bots-garden/capsule/capsulemodule v0.2.6 h1:G5QbnHWz/8JLU+flir2FvFileiprUYKGGgASYghz2bk=
github.com/bots-garden/capsule/capsulemodule v0.2.6/go.mod h1:GKqDdk5nEGCLE/A7ifzuOBLXkzP9YfeQwSwEsePhnZU=
github.com/bots-garden/capsule/commons v0.2.6 h1:pqAWNJ+o7zJb3QHrHkci9Hy5Bi+Gp5Y7seJhwvfbTAI=
github.com/bots-garden/capsule/commons v0.2.6/go.mod h1:oolOeDY1Z4dYQFiMz86FmUdcj25i6+HUyJkGjkt7S98=
